
Microsoft Visual Studio Solution File, Format Version 12.00
# Visual Studio Version 17
VisualStudioVersion = 17.3.32825.248
MinimumVisualStudioVersion = 10.0.40219.1
Project("{8BC9CEB8-8B4A-11D0-8D11-00A0C91BC942}") = "ProyectoFinalCG", "ProyectoFinalCG\ProyectoFinalCG.vcxproj", "{7F3506AC-7ACA-464D-A4B2-9D0DD9812B0C}"
EndProject
Global
	GlobalSection(SolutionConfigurationPlatforms) = preSolution
		Debug|x64 = Debug|x64
		Debug|x86 = Debug|x86
		Release|x64 = Release|x64
		Release|x86 = Release|x86
	EndGlobalSection
	GlobalSection(ProjectConfigurationPlatforms) = postSolution
		{7F3506AC-7ACA-464D-A4B2-9D0DD9812B0C}.Debug|x64.ActiveCfg = Debug|x64
		{7F3506AC-7ACA-464D-A4B2-9D0DD9812B0C}.Debug|x64.Build.0 = Debug|x64
		{7F3506AC-7ACA-464D-A4B2-9D0DD9812B0C}.Debug|x86.ActiveCfg = Debug|Win32
		{7F3506AC-7ACA-464D-A4B2-9D0DD9812B0C}.Debug|x86.Build.0 = Debug|Win32
		{7F3506AC-7ACA-464D-A4B2-9D0DD9812B0C}.Release|x64.ActiveCfg = Release|x64
		{7F3506AC-7ACA-464D-A4B2-9D0DD9812B0C}.Release|x64.Build.0 = Release|x64
		{7F3506AC-7ACA-464D-A4B2-9D0DD9812B0C}.Release|x86.ActiveCfg = Release|Win32
		{7F3506AC-7ACA-464D-A4B2-9D0DD9812B0C}.Release|x86.Build.0 = Release|Win32
	EndGlobalSection
	GlobalSection(SolutionProperties) = preSolution
		HideSolutionNode = FALSE
	EndGlobalSection
	GlobalSection(ExtensibilityGlobals) = postSolution
		SolutionGuid = {6B2D8448-D84A-4C42-882B-E9FE70174FA8}
	EndGlobalSection
EndGlobal
